
Microsoft Visual Studio Solution File, Format Version 12.00
# Visual Studio Version 17
VisualStudioVersion = 17.5.33424.131
MinimumVisualStudioVersion = 10.0.40219.1
Project("{9A19103F-16F7-4668-BE54-9A1E7A4F7556}") = "FirstProject", "FirstProject\FirstProject.csproj", "{5E651189-8845-48B1-91F9-04F855145091}"
EndProject
Project("{9A19103F-16F7-4668-BE54-9A1E7A4F7556}") = "Variables", "Variables\Variables.csproj", "{67419215-D415-4F6D-A062-54872906E3E7}"
EndProject
Project("{9A19103F-16F7-4668-BE54-9A1E7A4F7556}") = "Methods", "Methods\Methods.csproj", "{EF485568-64A3-4D13-BF93-F9B1F125A967}"
EndProject
Project("{9A19103F-16F7-4668-BE54-9A1E7A4F7556}") = "classObjInstance", "classObjInstance\classObjInstance.csproj", "{1084B1B1-9333-43A0-BC07-22952CA2DDEE}"
EndProject
Project("{FAE04EC0-301F-11D3-BF4B-00C04F79EFBC}") = "Structure", "Structure\Structure.csproj", "{CE285ACC-9D78-4004-A90C-0E15FC5B9C75}"
EndProject
Project("{FAE04EC0-301F-11D3-BF4B-00C04F79EFBC}") = "operators", "operators\operators.csproj", "{FDE48CA3-7083-4F0D-9ADD-11AD2A545EA4}"
EndProject
Global
	GlobalSection(SolutionConfigurationPlatforms) = preSolution
		Debug|Any CPU = Debug|Any CPU
		Release|Any CPU = Release|Any CPU
	EndGlobalSection
	GlobalSection(ProjectConfigurationPlatforms) = postSolution
		{5E651189-8845-48B1-91F9-04F855145091}.Debug|Any CPU.ActiveCfg = Debug|Any CPU
		{5E651189-8845-48B1-91F9-04F855145091}.Debug|Any CPU.Build.0 = Debug|Any CPU
		{5E651189-8845-48B1-91F9-04F855145091}.Release|Any CPU.ActiveCfg = Release|Any CPU
		{5E651189-8845-48B1-91F9-04F855145091}.Release|Any CPU.Build.0 = Release|Any CPU
		{67419215-D415-4F6D-A062-54872906E3E7}.Debug|Any CPU.ActiveCfg = Debug|Any CPU
		{67419215-D415-4F6D-A062-54872906E3E7}.Debug|Any CPU.Build.0 = Debug|Any CPU
		{67419215-D415-4F6D-A062-54872906E3E7}.Release|Any CPU.ActiveCfg = Release|Any CPU
		{67419215-D415-4F6D-A062-54872906E3E7}.Release|Any CPU.Build.0 = Release|Any CPU
		{EF485568-64A3-4D13-BF93-F9B1F125A967}.Debug|Any CPU.ActiveCfg = Debug|Any CPU
		{EF485568-64A3-4D13-BF93-F9B1F125A967}.Debug|Any CPU.Build.0 = Debug|Any CPU
		{EF485568-64A3-4D13-BF93-F9B1F125A967}.Release|Any CPU.ActiveCfg = Release|Any CPU
		{EF485568-64A3-4D13-BF93-F9B1F125A967}.Release|Any CPU.Build.0 = Release|Any CPU
		{1084B1B1-9333-43A0-BC07-22952CA2DDEE}.Debug|Any CPU.ActiveCfg = Debug|Any CPU
		{1084B1B1-9333-43A0-BC07-22952CA2DDEE}.Debug|Any CPU.Build.0 = Debug|Any CPU
		{1084B1B1-9333-43A0-BC07-22952CA2DDEE}.Release|Any CPU.ActiveCfg = Release|Any CPU
		{1084B1B1-9333-43A0-BC07-22952CA2DDEE}.Release|Any CPU.Build.0 = Release|Any CPU
		{CE285ACC-9D78-4004-A90C-0E15FC5B9C75}.Debug|Any CPU.ActiveCfg = Debug|Any CPU
		{CE285ACC-9D78-4004-A90C-0E15FC5B9C75}.Debug|Any CPU.Build.0 = Debug|Any CPU
		{CE285ACC-9D78-4004-A90C-0E15FC5B9C75}.Release|Any CPU.ActiveCfg = Release|Any CPU
		{CE285ACC-9D78-4004-A90C-0E15FC5B9C75}.Release|Any CPU.Build.0 = Release|Any CPU
		{FDE48CA3-7083-4F0D-9ADD-11AD2A545EA4}.Debug|Any CPU.ActiveCfg = Debug|Any CPU
		{FDE48CA3-7083-4F0D-9ADD-11AD2A545EA4}.Debug|Any CPU.Build.0 = Debug|Any CPU
		{FDE48CA3-7083-4F0D-9ADD-11AD2A545EA4}.Release|Any CPU.ActiveCfg = Release|Any CPU
		{FDE48CA3-7083-4F0D-9ADD-11AD2A545EA4}.Release|Any CPU.Build.0 = Release|Any CPU
	EndGlobalSection
	GlobalSection(SolutionProperties) = preSolution
		HideSolutionNode = FALSE
	EndGlobalSection
	GlobalSection(ExtensibilityGlobals) = postSolution
		SolutionGuid = {209EE7A2-B112-409C-BB8C-C71EF09877A8}
	EndGlobalSection
EndGlobal
